{
  "name": "tuda.contract",
  "version": "0.9.0",
  "lockfileVersion": 1,
  "requires": true,
  "dependencies": {
    "dotenv": {
      "version": "5.0.1",
      "resolved": "https://registry.npmjs.org/dotenv/-/dotenv-5.0.1.tgz",
      "integrity": "sha512-4As8uPrjfwb7VXC+WnLCbXK7y+Ueb2B3zgNCePYfhxS1PYeaO1YTeplffTEcbfLhvFNGLAz90VvJs9yomG7bow=="
    },
    "zeppelin-solidity": {
      "version": "1.9.0",
      "resolved": "https://registry.npmjs.org/zeppelin-solidity/-/zeppelin-solidity-1.9.0.tgz",
      "integrity": "sha512-pdyPVyjDq7cNqqLps9juDNDkKCa6hSafEm8KyzPw+gNYTiDyG1H4sYVFuBGp03iqxlGhsacrstbps5/AHTxBUg=="
    }
  }
}
